
Microsoft Visual Studio Solution File, Format Version 11.00
# Visual Studio 2010
Project("{FAE04EC0-301F-11D3-BF4B-00C04F79EFBC}") = "BIG BOMB源", "Assembly-CSharp.csproj", "{9FF63338-E0BA-1029-63D3-E8378578625C}"
EndProject
Global
	GlobalSection(SolutionConfigurationPlatforms) = preSolution
		Debug|Any CPU = Debug|Any CPU
		Release|Any CPU = Release|Any CPU
	EndGlobalSection
	GlobalSection(ProjectConfigurationPlatforms) = postSolution
		{9FF63338-E0BA-1029-63D3-E8378578625C}.Debug|Any CPU.ActiveCfg = Debug|Any CPU
		{9FF63338-E0BA-1029-63D3-E8378578625C}.Debug|Any CPU.Build.0 = Debug|Any CPU
		{9FF63338-E0BA-1029-63D3-E8378578625C}.Release|Any CPU.ActiveCfg = Release|Any CPU
		{9FF63338-E0BA-1029-63D3-E8378578625C}.Release|Any CPU.Build.0 = Release|Any CPU
	EndGlobalSection
	GlobalSection(SolutionProperties) = preSolution
		HideSolutionNode = FALSE
	EndGlobalSection
	GlobalSection(MonoDevelopProperties) = preSolution
		StartupItem = Assembly-CSharp.csproj
	EndGlobalSection
EndGlobal
