
Microsoft Visual Studio Solution File, Format Version 11.00
# Visual Studio 2010
Project("{FAE04EC0-301F-11D3-BF4B-00C04F79EFBC}") = "ZDR12.27", "Assembly-CSharp.csproj", "{DAE6F47A-5632-4DE4-E4D4-026EC8E8CEF5}"
EndProject
Global
	GlobalSection(SolutionConfigurationPlatforms) = preSolution
		Debug|Any CPU = Debug|Any CPU
		Release|Any CPU = Release|Any CPU
	EndGlobalSection
	GlobalSection(ProjectConfigurationPlatforms) = postSolution
		{DAE6F47A-5632-4DE4-E4D4-026EC8E8CEF5}.Debug|Any CPU.ActiveCfg = Debug|Any CPU
		{DAE6F47A-5632-4DE4-E4D4-026EC8E8CEF5}.Debug|Any CPU.Build.0 = Debug|Any CPU
		{DAE6F47A-5632-4DE4-E4D4-026EC8E8CEF5}.Release|Any CPU.ActiveCfg = Release|Any CPU
		{DAE6F47A-5632-4DE4-E4D4-026EC8E8CEF5}.Release|Any CPU.Build.0 = Release|Any CPU
	EndGlobalSection
	GlobalSection(SolutionProperties) = preSolution
		HideSolutionNode = FALSE
	EndGlobalSection
	GlobalSection(MonoDevelopProperties) = preSolution
		StartupItem = Assembly-CSharp.csproj
	EndGlobalSection
EndGlobal
