
Microsoft Visual Studio Solution File, Format Version 11.00
# Visual Studio 2010
Project("{FAE04EC0-301F-11D3-BF4B-00C04F79EFBC}") = "ZDR1.26", "Assembly-CSharp.csproj", "{52C0EFAC-1EC6-5544-4A64-D475FD0D071F}"
EndProject
Global
	GlobalSection(SolutionConfigurationPlatforms) = preSolution
		Debug|Any CPU = Debug|Any CPU
		Release|Any CPU = Release|Any CPU
	EndGlobalSection
	GlobalSection(ProjectConfigurationPlatforms) = postSolution
		{52C0EFAC-1EC6-5544-4A64-D475FD0D071F}.Debug|Any CPU.ActiveCfg = Debug|Any CPU
		{52C0EFAC-1EC6-5544-4A64-D475FD0D071F}.Debug|Any CPU.Build.0 = Debug|Any CPU
		{52C0EFAC-1EC6-5544-4A64-D475FD0D071F}.Release|Any CPU.ActiveCfg = Release|Any CPU
		{52C0EFAC-1EC6-5544-4A64-D475FD0D071F}.Release|Any CPU.Build.0 = Release|Any CPU
	EndGlobalSection
	GlobalSection(SolutionProperties) = preSolution
		HideSolutionNode = FALSE
	EndGlobalSection
	GlobalSection(MonoDevelopProperties) = preSolution
		StartupItem = Assembly-CSharp.csproj
	EndGlobalSection
EndGlobal
